
Microsoft Visual Studio Solution File, Format Version 12.00
# Visual Studio Version 16
VisualStudioVersion = 16.0.28803.202
MinimumVisualStudioVersion = 10.0.40219.1
Project("{9A19103F-16F7-4668-BE54-9A1E7A4F7556}") = "01_DefineClassPerson", "01_DefineClassPerson\01_DefineClassPerson.csproj", "{373F0CD6-5863-4330-B3A4-F9A936765608}"
EndProject
Project("{2150E333-8FDC-42A3-9474-1A3956D46DE8}") = "DefiningClasses", "DefiningClasses", "{859CF4C3-675B-4435-B2A8-C87F69EF9665}"
EndProject
Project("{2150E333-8FDC-42A3-9474-1A3956D46DE8}") = "01_DefineClassPerson", "01_DefineClassPerson", "{9BAB46E2-A23E-426F-9BB0-1405EDC870C0}"
EndProject
Project("{2150E333-8FDC-42A3-9474-1A3956D46DE8}") = "Conditions", "Conditions", "{9F1F2C73-AF01-4DF2-AFBF-43D4E5CC3D44}"
	ProjectSection(SolutionItems) = preProject
		..\..\..\Install\01. CSharp-OOP-Basics-Defining-Classes-Exercises.docx = ..\..\..\Install\01. CSharp-OOP-Basics-Defining-Classes-Exercises.docx
	EndProjectSection
EndProject
Project("{2150E333-8FDC-42A3-9474-1A3956D46DE8}") = "02_CreatingConstructors", "02_CreatingConstructors", "{BEE8E821-1280-4CAB-B0C2-B0BB5F904620}"
EndProject
Project("{9A19103F-16F7-4668-BE54-9A1E7A4F7556}") = "02_CreatingConstructors_", "02_CreatingConstructors_\02_CreatingConstructors_.csproj", "{E8932F7F-86E1-4A11-89E5-92F8E3BF680A}"
EndProject
Project("{2150E333-8FDC-42A3-9474-1A3956D46DE8}") = "03_OldestFamilyMember", "03_OldestFamilyMember", "{64C5A3DC-507C-40A7-9A58-992C40A2E013}"
EndProject
Project("{9A19103F-16F7-4668-BE54-9A1E7A4F7556}") = "03_OldestFamilyMember_", "03_OldestFamilyMember_\03_OldestFamilyMember_.csproj", "{C62A8E47-AD01-4F9D-AEA4-F55C83960269}"
EndProject
Project("{2150E333-8FDC-42A3-9474-1A3956D46DE8}") = "04_OpinionPoll", "04_OpinionPoll", "{DA89548B-DABD-4E0E-8B6D-17AB342B5E81}"
EndProject
Project("{9A19103F-16F7-4668-BE54-9A1E7A4F7556}") = "04_OpinionPoll_", "04_OpinionPoll_\04_OpinionPoll_.csproj", "{854747CD-6201-40E0-ADAD-86744C235E43}"
EndProject
Project("{2150E333-8FDC-42A3-9474-1A3956D46DE8}") = "05_DateModifier", "05_DateModifier", "{4F1869B9-94E1-4F9A-8B51-12AC33A57959}"
EndProject
Project("{9A19103F-16F7-4668-BE54-9A1E7A4F7556}") = "05_DateModifier_", "ConsoleApp1\05_DateModifier_.csproj", "{7BC31F47-75C7-4E97-904F-BC91A8687AD3}"
EndProject
Project("{2150E333-8FDC-42A3-9474-1A3956D46DE8}") = "06_CompanyRoster", "06_CompanyRoster", "{3AF678FB-E9E0-48ED-AA2F-C67A91CA0A41}"
EndProject
Project("{9A19103F-16F7-4668-BE54-9A1E7A4F7556}") = "06_CompanyRoster_", "06_CompanyRoster_\06_CompanyRoster_.csproj", "{1C58E99E-8D2A-4DC7-9A48-EB188310C928}"
EndProject
Project("{2150E333-8FDC-42A3-9474-1A3956D46DE8}") = "07_SpeedRacing", "07_SpeedRacing", "{A984123D-F497-4346-B219-D8356921D6DD}"
EndProject
Project("{9A19103F-16F7-4668-BE54-9A1E7A4F7556}") = "07_SpeedRacing_", "07_SpeedRacing_\07_SpeedRacing_.csproj", "{0B30BE83-22FC-4430-9C33-708741CC067F}"
EndProject
Project("{2150E333-8FDC-42A3-9474-1A3956D46DE8}") = "08_RawData", "08_RawData", "{420ED45C-DCFD-4102-B297-F7BE9205D4B1}"
EndProject
Project("{9A19103F-16F7-4668-BE54-9A1E7A4F7556}") = "08_RawData_", "08_RawData_\08_RawData_.csproj", "{7B03DFBB-0701-4858-AD4C-4BE5D7C8EDE6}"
EndProject
Project("{2150E333-8FDC-42A3-9474-1A3956D46DE8}") = "09_RectangleIntersection", "09_RectangleIntersection", "{3108934A-6B65-4BB8-9904-04C60A7AF598}"
EndProject
Project("{9A19103F-16F7-4668-BE54-9A1E7A4F7556}") = "09_RectangleIntersection_", "09_RectangleIntersection_\09_RectangleIntersection_.csproj", "{E552DE37-5DC2-4D4F-BD4F-CA5DFDFB8D37}"
EndProject
Project("{2150E333-8FDC-42A3-9474-1A3956D46DE8}") = "10_CarSalesman", "10_CarSalesman", "{110C61D7-F750-4146-B4CA-2F056346BE26}"
EndProject
Project("{9A19103F-16F7-4668-BE54-9A1E7A4F7556}") = "10_CarSalesman_", "10_CarSalesman_\10_CarSalesman_.csproj", "{86F81D17-787A-4C43-828D-375AAA00BAA9}"
EndProject
Project("{2150E333-8FDC-42A3-9474-1A3956D46DE8}") = "11_PokemonTrainer", "11_PokemonTrainer", "{074B0814-9F93-44F3-998D-EC980DFC6A9E}"
EndProject
Project("{9A19103F-16F7-4668-BE54-9A1E7A4F7556}") = "11_PokemonTrainer_", "11_PokemonTrainer_\11_PokemonTrainer_.csproj", "{37245ADA-E6F5-40BA-B675-2F4EB1A3A051}"
EndProject
Project("{2150E333-8FDC-42A3-9474-1A3956D46DE8}") = "WorkingWithAbstraction", "WorkingWithAbstraction", "{F905D70C-7B02-4ED2-8801-1EB5383DA0DA}"
EndProject
Project("{2150E333-8FDC-42A3-9474-1A3956D46DE8}") = "01_RawData", "01_RawData", "{D1CBBD2A-FE79-4787-ACF5-74AEAD542273}"
EndProject
Project("{9A19103F-16F7-4668-BE54-9A1E7A4F7556}") = "01_RawData_", "01_RawData_\01_RawData_.csproj", "{E0B002E1-2709-4D1D-9AD6-530F4145635E}"
EndProject
Project("{2150E333-8FDC-42A3-9474-1A3956D46DE8}") = "02_CarsSalesman", "02_CarsSalesman", "{8181E5F1-DEE1-4DEC-8071-078DBA89B2CC}"
EndProject
Project("{9A19103F-16F7-4668-BE54-9A1E7A4F7556}") = "02_CarsSalesman_", "02_CarsSalesman_\02_CarsSalesman_.csproj", "{17D2143B-2E06-4936-8A6F-B97A9AE4ECC2}"
EndProject
Project("{2150E333-8FDC-42A3-9474-1A3956D46DE8}") = "03_JediGalaxy", "03_JediGalaxy", "{1F4899D3-F60B-4035-853A-E58F6B22E829}"
EndProject
Project("{9A19103F-16F7-4668-BE54-9A1E7A4F7556}") = "03_JediGalaxy_", "03_JediGalaxy_\03_JediGalaxy_.csproj", "{E1A38806-DA78-4C9A-B57F-C4F75A2A786C}"
EndProject
Project("{2150E333-8FDC-42A3-9474-1A3956D46DE8}") = "04_Hospital", "04_Hospital", "{2872784C-B7BD-496A-AD23-3A3115A066AC}"
EndProject
Project("{9A19103F-16F7-4668-BE54-9A1E7A4F7556}") = "04_Hospital_", "04_Hospital_\04_Hospital_.csproj", "{03CF0E98-FB36-4A60-8191-8FEF075CD579}"
EndProject
Project("{2150E333-8FDC-42A3-9474-1A3956D46DE8}") = "Encapsulation", "Encapsulation", "{97E30C9F-91BF-4095-9E58-663053C87D4D}"
EndProject
Project("{2150E333-8FDC-42A3-9474-1A3956D46DE8}") = "01_ClassBox", "01_ClassBox", "{4C000609-5214-47E7-BCA7-E0975CE55878}"
EndProject
Project("{9A19103F-16F7-4668-BE54-9A1E7A4F7556}") = "01_ClassBox_", "01ClassBox_\01_ClassBox_.csproj", "{4A8FBE34-0A4B-43E5-A4F5-02129A49D8EF}"
EndProject
Project("{2150E333-8FDC-42A3-9474-1A3956D46DE8}") = "02_ClassBoxDataValidation", "02_ClassBoxDataValidation", "{31A67E53-6720-4133-9C96-CA21FD6215E8}"
EndProject
Project("{9A19103F-16F7-4668-BE54-9A1E7A4F7556}") = "02_ClassBoxDataValidation_", "02_ClassBoxDataValidation_\02_ClassBoxDataValidation_.csproj", "{B95FA2AC-DB5A-40DC-AA12-4D64C84FB0FA}"
EndProject
Project("{2150E333-8FDC-42A3-9474-1A3956D46DE8}") = "03_AnimalFarm", "03_AnimalFarm", "{F2BF9452-8D2A-406F-A842-5AD03FD7A60F}"
EndProject
Project("{9A19103F-16F7-4668-BE54-9A1E7A4F7556}") = "03_AnimalFarm_", "03_AnimalFarm_\03_AnimalFarm_.csproj", "{200E3435-7468-4893-AE07-257CAD345E02}"
EndProject
Project("{2150E333-8FDC-42A3-9474-1A3956D46DE8}") = "04_ShoppingSpree", "04_ShoppingSpree", "{F28D8515-8F67-45C2-B9C0-C363F830D130}"
EndProject
Project("{9A19103F-16F7-4668-BE54-9A1E7A4F7556}") = "04_ShoppingSpree_", "04_ShoppingSpree_\04_ShoppingSpree_.csproj", "{CAA3BAC4-816E-4E44-98EB-5FD17BE85A9A}"
EndProject
Project("{2150E333-8FDC-42A3-9474-1A3956D46DE8}") = "05_PizzaCalories", "05_PizzaCalories", "{6DEAF0F2-6B82-43F0-A9FF-DF16133908B2}"
EndProject
Project("{9A19103F-16F7-4668-BE54-9A1E7A4F7556}") = "05_PizzaCalories_", "05_PizzaCalories_\05_PizzaCalories_.csproj", "{5487BE5D-D80D-402A-AC33-FE3A1334F07B}"
EndProject
Project("{2150E333-8FDC-42A3-9474-1A3956D46DE8}") = "06_FootballTeamGenerator", "06_FootballTeamGenerator", "{72780F51-0081-4886-8B34-E40D6CA8BF8A}"
EndProject
Project("{9A19103F-16F7-4668-BE54-9A1E7A4F7556}") = "06_FootballTeamGenerator_", "06_FootballTeamGenerator_\06_FootballTeamGenerator_.csproj", "{232993B0-2126-42C6-B59A-DA2E9E48E2C9}"
EndProject
Project("{2150E333-8FDC-42A3-9474-1A3956D46DE8}") = "Inheritance", "Inheritance", "{B158F358-C91B-4DCA-BAD8-6D40A62327CA}"
EndProject
Project("{2150E333-8FDC-42A3-9474-1A3956D46DE8}") = "01_Person", "01_Person", "{392F7370-7AA6-4AF7-BB8F-8C1120B91D2E}"
EndProject
Project("{9A19103F-16F7-4668-BE54-9A1E7A4F7556}") = "01_Person_", "01_Person_\01_Person_.csproj", "{C80C05E3-34EE-40D3-A1C8-28FE0601D8F8}"
EndProject
Project("{2150E333-8FDC-42A3-9474-1A3956D46DE8}") = "02_BookShop", "02_BookShop", "{28CFD9D1-44B9-43A0-AC06-905FBB2D1E36}"
EndProject
Project("{9A19103F-16F7-4668-BE54-9A1E7A4F7556}") = "02_BookShop_", "02_BookShop_\02_BookShop_.csproj", "{EF522EE8-1534-40C4-A817-96E3944EB66E}"
EndProject
Project("{2150E333-8FDC-42A3-9474-1A3956D46DE8}") = "03_Mankind", "03_Mankind", "{F64BC4BB-5A20-4962-A4F7-6D750EBC9071}"
EndProject
Project("{9A19103F-16F7-4668-BE54-9A1E7A4F7556}") = "03_Mankind_", "03_Mankind_\03_Mankind_.csproj", "{BC569C97-A0C5-4553-9AEB-8C270651EF53}"
EndProject
Project("{2150E333-8FDC-42A3-9474-1A3956D46DE8}") = "04_OnlineRadioDatabase", "04_OnlineRadioDatabase", "{94101000-A094-4579-9E4A-AF8E417DE4B2}"
EndProject
Project("{9A19103F-16F7-4668-BE54-9A1E7A4F7556}") = "04_OnlineRadioDatabase_", "04_OnlineRadioDatabase_\04_OnlineRadioDatabase_.csproj", "{B04BCE01-7E23-4A87-AAAA-74F0B44F13A3}"
EndProject
Project("{2150E333-8FDC-42A3-9474-1A3956D46DE8}") = "05_Mordor'sCruelPlan", "05_Mordor'sCruelPlan", "{EB98598C-5581-4069-A416-5A48ADDB48AB}"
EndProject
Project("{9A19103F-16F7-4668-BE54-9A1E7A4F7556}") = "05_Mordor'sCruelPlan_", "05_Mordor'sCruelPlan_\05_Mordor'sCruelPlan_.csproj", "{2C56C762-6375-40C8-B17B-915DBDF4826C}"
EndProject
Project("{2150E333-8FDC-42A3-9474-1A3956D46DE8}") = "06_Animals", "06_Animals", "{9BBD0C6A-E524-4073-B29F-E73DDCF572A6}"
EndProject
Project("{9A19103F-16F7-4668-BE54-9A1E7A4F7556}") = "06_Animals_", "06_Animals_\06_Animals_.csproj", "{AC116CD3-F96F-48B8-A3AC-261241804721}"
EndProject
Project("{2150E333-8FDC-42A3-9474-1A3956D46DE8}") = "Conditions", "Conditions", "{6F4A92F6-4CBF-4A00-A8EA-FDFBDCA1B154}"
	ProjectSection(SolutionItems) = preProject
		..\..\..\Install\04. CSharp-OOP-Basics-Inheritance-Exercises.docx = ..\..\..\Install\04. CSharp-OOP-Basics-Inheritance-Exercises.docx
	EndProjectSection
EndProject
Project("{2150E333-8FDC-42A3-9474-1A3956D46DE8}") = "Conditions", "Conditions", "{47E914C7-32F3-45F9-B89B-8BD0D464FF47}"
	ProjectSection(SolutionItems) = preProject
		..\..\..\Install\03. CSharp-OOP-Basics-Encapsulation-Exercises.docx = ..\..\..\Install\03. CSharp-OOP-Basics-Encapsulation-Exercises.docx
	EndProjectSection
EndProject
Project("{2150E333-8FDC-42A3-9474-1A3956D46DE8}") = "Conditions", "Conditions", "{9F5FEF7F-2BA6-4F9D-806C-4CF6BF8C94D5}"
	ProjectSection(SolutionItems) = preProject
		..\..\..\Install\02. CSharp-OOP-Basics-Working-with-Abstraction-Exercises.docx = ..\..\..\Install\02. CSharp-OOP-Basics-Working-with-Abstraction-Exercises.docx
	EndProjectSection
EndProject
Project("{2150E333-8FDC-42A3-9474-1A3956D46DE8}") = "InterfaceAndAbstraction_Exercise", "InterfaceAndAbstraction_Exercise", "{14135C1E-4413-4DFA-B016-57A6F070DCF5}"
EndProject
Project("{2150E333-8FDC-42A3-9474-1A3956D46DE8}") = "Conditoons", "Conditoons", "{48D39D76-3E18-40F5-B352-9618907EAD63}"
	ProjectSection(SolutionItems) = preProject
		..\..\..\Install\05. CSharp-OOP-Basics-Interfaces-And-Abstraction-Exercises.docx = ..\..\..\Install\05. CSharp-OOP-Basics-Interfaces-And-Abstraction-Exercises.docx
	EndProjectSection
EndProject
Project("{2150E333-8FDC-42A3-9474-1A3956D46DE8}") = "01_DefineAnInterfaceIPerson", "01_DefineAnInterfaceIPerson", "{256518A9-84DE-4C20-B961-FDAE37647346}"
EndProject
Project("{9A19103F-16F7-4668-BE54-9A1E7A4F7556}") = "01.DefineAnInterfaceIPerson", "01.DefineAnInterfaceIPerson\01.DefineAnInterfaceIPerson.csproj", "{0E6ADEFC-D626-4F91-B940-752BD88D3E54}"
EndProject
Project("{2150E333-8FDC-42A3-9474-1A3956D46DE8}") = "02_MultipleImplementation", "02_MultipleImplementation", "{437F42DD-855B-4A74-823F-F9AD3583B33F}"
EndProject
Project("{9A19103F-16F7-4668-BE54-9A1E7A4F7556}") = "02.MultipleImplementation", "02.MultipleImplementation\02.MultipleImplementation.csproj", "{11F69005-4A1F-419F-AA13-B9CCF6637FF6}"
EndProject
Project("{2150E333-8FDC-42A3-9474-1A3956D46DE8}") = "03_Ferrari", "03_Ferrari", "{90EE9DBB-5998-42A4-9931-D780274DE78D}"
EndProject
Project("{9A19103F-16F7-4668-BE54-9A1E7A4F7556}") = "03.Ferrari", "03.Ferrari\03.Ferrari.csproj", "{28331224-A289-44A0-81CF-55A0251C2FEA}"
EndProject
Project("{2150E333-8FDC-42A3-9474-1A3956D46DE8}") = "04_Telephony", "04_Telephony", "{44C2A4DD-DDC9-47AE-8A1C-E18EF2AC1410}"
EndProject
Project("{9A19103F-16F7-4668-BE54-9A1E7A4F7556}") = "04.Telephony", "04.Telephony\04.Telephony.csproj", "{FA6FD64C-685B-4759-A8F8-9BB4A03F3A18}"
EndProject
Project("{2150E333-8FDC-42A3-9474-1A3956D46DE8}") = "05_BorderControl", "05_BorderControl", "{486341D1-7192-48A9-976E-1E7E647266CE}"
EndProject
Project("{9A19103F-16F7-4668-BE54-9A1E7A4F7556}") = "05.BorderControl", "05.BorderControl\05.BorderControl.csproj", "{0127971B-7904-4F7B-8294-4E2DA9EAEF42}"
EndProject
Project("{2150E333-8FDC-42A3-9474-1A3956D46DE8}") = "06_BirthdayCelebrations", "06_BirthdayCelebrations", "{029A8FE7-2456-4767-9651-82512499150C}"
EndProject
Project("{9A19103F-16F7-4668-BE54-9A1E7A4F7556}") = "06.BirthdayCelebrations", "06.BirthdayCelebrations\06.BirthdayCelebrations.csproj", "{A475A4AE-455B-4433-8B0D-CDA2A70348FD}"
EndProject
Project("{2150E333-8FDC-42A3-9474-1A3956D46DE8}") = "07_FoodShortage", "07_FoodShortage", "{412729D3-F737-4C69-AF5D-8F4232F24E70}"
EndProject
Project("{FAE04EC0-301F-11D3-BF4B-00C04F79EFBC}") = "07.FoodShortage", "07.FoodShortage\07.FoodShortage.csproj", "{1C779C70-215B-4017-A42B-0AF65219AC90}"
EndProject
Global
	GlobalSection(SolutionConfigurationPlatforms) = preSolution
		Debug|Any CPU = Debug|Any CPU
		Release|Any CPU = Release|Any CPU
	EndGlobalSection
	GlobalSection(ProjectConfigurationPlatforms) = postSolution
		{373F0CD6-5863-4330-B3A4-F9A936765608}.Debug|Any CPU.ActiveCfg = Debug|Any CPU
		{373F0CD6-5863-4330-B3A4-F9A936765608}.Debug|Any CPU.Build.0 = Debug|Any CPU
		{373F0CD6-5863-4330-B3A4-F9A936765608}.Release|Any CPU.ActiveCfg = Release|Any CPU
		{373F0CD6-5863-4330-B3A4-F9A936765608}.Release|Any CPU.Build.0 = Release|Any CPU
		{E8932F7F-86E1-4A11-89E5-92F8E3BF680A}.Debug|Any CPU.ActiveCfg = Debug|Any CPU
		{E8932F7F-86E1-4A11-89E5-92F8E3BF680A}.Debug|Any CPU.Build.0 = Debug|Any CPU
		{E8932F7F-86E1-4A11-89E5-92F8E3BF680A}.Release|Any CPU.ActiveCfg = Release|Any CPU
		{E8932F7F-86E1-4A11-89E5-92F8E3BF680A}.Release|Any CPU.Build.0 = Release|Any CPU
		{C62A8E47-AD01-4F9D-AEA4-F55C83960269}.Debug|Any CPU.ActiveCfg = Debug|Any CPU
		{C62A8E47-AD01-4F9D-AEA4-F55C83960269}.Debug|Any CPU.Build.0 = Debug|Any CPU
		{C62A8E47-AD01-4F9D-AEA4-F55C83960269}.Release|Any CPU.ActiveCfg = Release|Any CPU
		{C62A8E47-AD01-4F9D-AEA4-F55C83960269}.Release|Any CPU.Build.0 = Release|Any CPU
		{854747CD-6201-40E0-ADAD-86744C235E43}.Debug|Any CPU.ActiveCfg = Debug|Any CPU
		{854747CD-6201-40E0-ADAD-86744C235E43}.Debug|Any CPU.Build.0 = Debug|Any CPU
		{854747CD-6201-40E0-ADAD-86744C235E43}.Release|Any CPU.ActiveCfg = Release|Any CPU
		{854747CD-6201-40E0-ADAD-86744C235E43}.Release|Any CPU.Build.0 = Release|Any CPU
		{7BC31F47-75C7-4E97-904F-BC91A8687AD3}.Debug|Any CPU.ActiveCfg = Debug|Any CPU
		{7BC31F47-75C7-4E97-904F-BC91A8687AD3}.Debug|Any CPU.Build.0 = Debug|Any CPU
		{7BC31F47-75C7-4E97-904F-BC91A8687AD3}.Release|Any CPU.ActiveCfg = Release|Any CPU
		{7BC31F47-75C7-4E97-904F-BC91A8687AD3}.Release|Any CPU.Build.0 = Release|Any CPU
		{1C58E99E-8D2A-4DC7-9A48-EB188310C928}.Debug|Any CPU.ActiveCfg = Debug|Any CPU
		{1C58E99E-8D2A-4DC7-9A48-EB188310C928}.Debug|Any CPU.Build.0 = Debug|Any CPU
		{1C58E99E-8D2A-4DC7-9A48-EB188310C928}.Release|Any CPU.ActiveCfg = Release|Any CPU
		{1C58E99E-8D2A-4DC7-9A48-EB188310C928}.Release|Any CPU.Build.0 = Release|Any CPU
		{0B30BE83-22FC-4430-9C33-708741CC067F}.Debug|Any CPU.ActiveCfg = Debug|Any CPU
		{0B30BE83-22FC-4430-9C33-708741CC067F}.Debug|Any CPU.Build.0 = Debug|Any CPU
		{0B30BE83-22FC-4430-9C33-708741CC067F}.Release|Any CPU.ActiveCfg = Release|Any CPU
		{0B30BE83-22FC-4430-9C33-708741CC067F}.Release|Any CPU.Build.0 = Release|Any CPU
		{7B03DFBB-0701-4858-AD4C-4BE5D7C8EDE6}.Debug|Any CPU.ActiveCfg = Debug|Any CPU
		{7B03DFBB-0701-4858-AD4C-4BE5D7C8EDE6}.Debug|Any CPU.Build.0 = Debug|Any CPU
		{7B03DFBB-0701-4858-AD4C-4BE5D7C8EDE6}.Release|Any CPU.ActiveCfg = Release|Any CPU
		{7B03DFBB-0701-4858-AD4C-4BE5D7C8EDE6}.Release|Any CPU.Build.0 = Release|Any CPU
		{E552DE37-5DC2-4D4F-BD4F-CA5DFDFB8D37}.Debug|Any CPU.ActiveCfg = Debug|Any CPU
		{E552DE37-5DC2-4D4F-BD4F-CA5DFDFB8D37}.Debug|Any CPU.Build.0 = Debug|Any CPU
		{E552DE37-5DC2-4D4F-BD4F-CA5DFDFB8D37}.Release|Any CPU.ActiveCfg = Release|Any CPU
		{E552DE37-5DC2-4D4F-BD4F-CA5DFDFB8D37}.Release|Any CPU.Build.0 = Release|Any CPU
		{86F81D17-787A-4C43-828D-375AAA00BAA9}.Debug|Any CPU.ActiveCfg = Debug|Any CPU
		{86F81D17-787A-4C43-828D-375AAA00BAA9}.Debug|Any CPU.Build.0 = Debug|Any CPU
		{86F81D17-787A-4C43-828D-375AAA00BAA9}.Release|Any CPU.ActiveCfg = Release|Any CPU
		{86F81D17-787A-4C43-828D-375AAA00BAA9}.Release|Any CPU.Build.0 = Release|Any CPU
		{37245ADA-E6F5-40BA-B675-2F4EB1A3A051}.Debug|Any CPU.ActiveCfg = Debug|Any CPU
		{37245ADA-E6F5-40BA-B675-2F4EB1A3A051}.Debug|Any CPU.Build.0 = Debug|Any CPU
		{37245ADA-E6F5-40BA-B675-2F4EB1A3A051}.Release|Any CPU.ActiveCfg = Release|Any CPU
		{37245ADA-E6F5-40BA-B675-2F4EB1A3A051}.Release|Any CPU.Build.0 = Release|Any CPU
		{E0B002E1-2709-4D1D-9AD6-530F4145635E}.Debug|Any CPU.ActiveCfg = Debug|Any CPU
		{E0B002E1-2709-4D1D-9AD6-530F4145635E}.Debug|Any CPU.Build.0 = Debug|Any CPU
		{E0B002E1-2709-4D1D-9AD6-530F4145635E}.Release|Any CPU.ActiveCfg = Release|Any CPU
		{E0B002E1-2709-4D1D-9AD6-530F4145635E}.Release|Any CPU.Build.0 = Release|Any CPU
		{17D2143B-2E06-4936-8A6F-B97A9AE4ECC2}.Debug|Any CPU.ActiveCfg = Debug|Any CPU
		{17D2143B-2E06-4936-8A6F-B97A9AE4ECC2}.Debug|Any CPU.Build.0 = Debug|Any CPU
		{17D2143B-2E06-4936-8A6F-B97A9AE4ECC2}.Release|Any CPU.ActiveCfg = Release|Any CPU
		{17D2143B-2E06-4936-8A6F-B97A9AE4ECC2}.Release|Any CPU.Build.0 = Release|Any CPU
		{E1A38806-DA78-4C9A-B57F-C4F75A2A786C}.Debug|Any CPU.ActiveCfg = Debug|Any CPU
		{E1A38806-DA78-4C9A-B57F-C4F75A2A786C}.Debug|Any CPU.Build.0 = Debug|Any CPU
		{E1A38806-DA78-4C9A-B57F-C4F75A2A786C}.Release|Any CPU.ActiveCfg = Release|Any CPU
		{E1A38806-DA78-4C9A-B57F-C4F75A2A786C}.Release|Any CPU.Build.0 = Release|Any CPU
		{03CF0E98-FB36-4A60-8191-8FEF075CD579}.Debug|Any CPU.ActiveCfg = Debug|Any CPU
		{03CF0E98-FB36-4A60-8191-8FEF075CD579}.Debug|Any CPU.Build.0 = Debug|Any CPU
		{03CF0E98-FB36-4A60-8191-8FEF075CD579}.Release|Any CPU.ActiveCfg = Release|Any CPU
		{03CF0E98-FB36-4A60-8191-8FEF075CD579}.Release|Any CPU.Build.0 = Release|Any CPU
		{4A8FBE34-0A4B-43E5-A4F5-02129A49D8EF}.Debug|Any CPU.ActiveCfg = Debug|Any CPU
		{4A8FBE34-0A4B-43E5-A4F5-02129A49D8EF}.Debug|Any CPU.Build.0 = Debug|Any CPU
		{4A8FBE34-0A4B-43E5-A4F5-02129A49D8EF}.Release|Any CPU.ActiveCfg = Release|Any CPU
		{4A8FBE34-0A4B-43E5-A4F5-02129A49D8EF}.Release|Any CPU.Build.0 = Release|Any CPU
		{B95FA2AC-DB5A-40DC-AA12-4D64C84FB0FA}.Debug|Any CPU.ActiveCfg = Debug|Any CPU
		{B95FA2AC-DB5A-40DC-AA12-4D64C84FB0FA}.Debug|Any CPU.Build.0 = Debug|Any CPU
		{B95FA2AC-DB5A-40DC-AA12-4D64C84FB0FA}.Release|Any CPU.ActiveCfg = Release|Any CPU
		{B95FA2AC-DB5A-40DC-AA12-4D64C84FB0FA}.Release|Any CPU.Build.0 = Release|Any CPU
		{200E3435-7468-4893-AE07-257CAD345E02}.Debug|Any CPU.ActiveCfg = Debug|Any CPU
		{200E3435-7468-4893-AE07-257CAD345E02}.Debug|Any CPU.Build.0 = Debug|Any CPU
		{200E3435-7468-4893-AE07-257CAD345E02}.Release|Any CPU.ActiveCfg = Release|Any CPU
		{200E3435-7468-4893-AE07-257CAD345E02}.Release|Any CPU.Build.0 = Release|Any CPU
		{CAA3BAC4-816E-4E44-98EB-5FD17BE85A9A}.Debug|Any CPU.ActiveCfg = Debug|Any CPU
		{CAA3BAC4-816E-4E44-98EB-5FD17BE85A9A}.Debug|Any CPU.Build.0 = Debug|Any CPU
		{CAA3BAC4-816E-4E44-98EB-5FD17BE85A9A}.Release|Any CPU.ActiveCfg = Release|Any CPU
		{CAA3BAC4-816E-4E44-98EB-5FD17BE85A9A}.Release|Any CPU.Build.0 = Release|Any CPU
		{5487BE5D-D80D-402A-AC33-FE3A1334F07B}.Debug|Any CPU.ActiveCfg = Debug|Any CPU
		{5487BE5D-D80D-402A-AC33-FE3A1334F07B}.Debug|Any CPU.Build.0 = Debug|Any CPU
		{5487BE5D-D80D-402A-AC33-FE3A1334F07B}.Release|Any CPU.ActiveCfg = Release|Any CPU
		{5487BE5D-D80D-402A-AC33-FE3A1334F07B}.Release|Any CPU.Build.0 = Release|Any CPU
		{232993B0-2126-42C6-B59A-DA2E9E48E2C9}.Debug|Any CPU.ActiveCfg = Debug|Any CPU
		{232993B0-2126-42C6-B59A-DA2E9E48E2C9}.Debug|Any CPU.Build.0 = Debug|Any CPU
		{232993B0-2126-42C6-B59A-DA2E9E48E2C9}.Release|Any CPU.ActiveCfg = Release|Any CPU
		{232993B0-2126-42C6-B59A-DA2E9E48E2C9}.Release|Any CPU.Build.0 = Release|Any CPU
		{C80C05E3-34EE-40D3-A1C8-28FE0601D8F8}.Debug|Any CPU.ActiveCfg = Debug|Any CPU
		{C80C05E3-34EE-40D3-A1C8-28FE0601D8F8}.Debug|Any CPU.Build.0 = Debug|Any CPU
		{C80C05E3-34EE-40D3-A1C8-28FE0601D8F8}.Release|Any CPU.ActiveCfg = Release|Any CPU
		{C80C05E3-34EE-40D3-A1C8-28FE0601D8F8}.Release|Any CPU.Build.0 = Release|Any CPU
		{EF522EE8-1534-40C4-A817-96E3944EB66E}.Debug|Any CPU.ActiveCfg = Debug|Any CPU
		{EF522EE8-1534-40C4-A817-96E3944EB66E}.Debug|Any CPU.Build.0 = Debug|Any CPU
		{EF522EE8-1534-40C4-A817-96E3944EB66E}.Release|Any CPU.ActiveCfg = Release|Any CPU
		{EF522EE8-1534-40C4-A817-96E3944EB66E}.Release|Any CPU.Build.0 = Release|Any CPU
		{BC569C97-A0C5-4553-9AEB-8C270651EF53}.Debug|Any CPU.ActiveCfg = Debug|Any CPU
		{BC569C97-A0C5-4553-9AEB-8C270651EF53}.Debug|Any CPU.Build.0 = Debug|Any CPU
		{BC569C97-A0C5-4553-9AEB-8C270651EF53}.Release|Any CPU.ActiveCfg = Release|Any CPU
		{BC569C97-A0C5-4553-9AEB-8C270651EF53}.Release|Any CPU.Build.0 = Release|Any CPU
		{B04BCE01-7E23-4A87-AAAA-74F0B44F13A3}.Debug|Any CPU.ActiveCfg = Debug|Any CPU
		{B04BCE01-7E23-4A87-AAAA-74F0B44F13A3}.Debug|Any CPU.Build.0 = Debug|Any CPU
		{B04BCE01-7E23-4A87-AAAA-74F0B44F13A3}.Release|Any CPU.ActiveCfg = Release|Any CPU
		{B04BCE01-7E23-4A87-AAAA-74F0B44F13A3}.Release|Any CPU.Build.0 = Release|Any CPU
		{2C56C762-6375-40C8-B17B-915DBDF4826C}.Debug|Any CPU.ActiveCfg = Debug|Any CPU
		{2C56C762-6375-40C8-B17B-915DBDF4826C}.Debug|Any CPU.Build.0 = Debug|Any CPU
		{2C56C762-6375-40C8-B17B-915DBDF4826C}.Release|Any CPU.ActiveCfg = Release|Any CPU
		{2C56C762-6375-40C8-B17B-915DBDF4826C}.Release|Any CPU.Build.0 = Release|Any CPU
		{AC116CD3-F96F-48B8-A3AC-261241804721}.Debug|Any CPU.ActiveCfg = Debug|Any CPU
		{AC116CD3-F96F-48B8-A3AC-261241804721}.Debug|Any CPU.Build.0 = Debug|Any CPU
		{AC116CD3-F96F-48B8-A3AC-261241804721}.Release|Any CPU.ActiveCfg = Release|Any CPU
		{AC116CD3-F96F-48B8-A3AC-261241804721}.Release|Any CPU.Build.0 = Release|Any CPU
		{0E6ADEFC-D626-4F91-B940-752BD88D3E54}.Debug|Any CPU.ActiveCfg = Debug|Any CPU
		{0E6ADEFC-D626-4F91-B940-752BD88D3E54}.Debug|Any CPU.Build.0 = Debug|Any CPU
		{0E6ADEFC-D626-4F91-B940-752BD88D3E54}.Release|Any CPU.ActiveCfg = Release|Any CPU
		{0E6ADEFC-D626-4F91-B940-752BD88D3E54}.Release|Any CPU.Build.0 = Release|Any CPU
		{11F69005-4A1F-419F-AA13-B9CCF6637FF6}.Debug|Any CPU.ActiveCfg = Debug|Any CPU
		{11F69005-4A1F-419F-AA13-B9CCF6637FF6}.Debug|Any CPU.Build.0 = Debug|Any CPU
		{11F69005-4A1F-419F-AA13-B9CCF6637FF6}.Release|Any CPU.ActiveCfg = Release|Any CPU
		{11F69005-4A1F-419F-AA13-B9CCF6637FF6}.Release|Any CPU.Build.0 = Release|Any CPU
		{28331224-A289-44A0-81CF-55A0251C2FEA}.Debug|Any CPU.ActiveCfg = Debug|Any CPU
		{28331224-A289-44A0-81CF-55A0251C2FEA}.Debug|Any CPU.Build.0 = Debug|Any CPU
		{28331224-A289-44A0-81CF-55A0251C2FEA}.Release|Any CPU.ActiveCfg = Release|Any CPU
		{28331224-A289-44A0-81CF-55A0251C2FEA}.Release|Any CPU.Build.0 = Release|Any CPU
		{FA6FD64C-685B-4759-A8F8-9BB4A03F3A18}.Debug|Any CPU.ActiveCfg = Debug|Any CPU
		{FA6FD64C-685B-4759-A8F8-9BB4A03F3A18}.Debug|Any CPU.Build.0 = Debug|Any CPU
		{FA6FD64C-685B-4759-A8F8-9BB4A03F3A18}.Release|Any CPU.ActiveCfg = Release|Any CPU
		{FA6FD64C-685B-4759-A8F8-9BB4A03F3A18}.Release|Any CPU.Build.0 = Release|Any CPU
		{0127971B-7904-4F7B-8294-4E2DA9EAEF42}.Debug|Any CPU.ActiveCfg = Debug|Any CPU
		{0127971B-7904-4F7B-8294-4E2DA9EAEF42}.Debug|Any CPU.Build.0 = Debug|Any CPU
		{0127971B-7904-4F7B-8294-4E2DA9EAEF42}.Release|Any CPU.ActiveCfg = Release|Any CPU
		{0127971B-7904-4F7B-8294-4E2DA9EAEF42}.Release|Any CPU.Build.0 = Release|Any CPU
		{A475A4AE-455B-4433-8B0D-CDA2A70348FD}.Debug|Any CPU.ActiveCfg = Debug|Any CPU
		{A475A4AE-455B-4433-8B0D-CDA2A70348FD}.Debug|Any CPU.Build.0 = Debug|Any CPU
		{A475A4AE-455B-4433-8B0D-CDA2A70348FD}.Release|Any CPU.ActiveCfg = Release|Any CPU
		{A475A4AE-455B-4433-8B0D-CDA2A70348FD}.Release|Any CPU.Build.0 = Release|Any CPU
		{1C779C70-215B-4017-A42B-0AF65219AC90}.Debug|Any CPU.ActiveCfg = Debug|Any CPU
		{1C779C70-215B-4017-A42B-0AF65219AC90}.Debug|Any CPU.Build.0 = Debug|Any CPU
		{1C779C70-215B-4017-A42B-0AF65219AC90}.Release|Any CPU.ActiveCfg = Release|Any CPU
		{1C779C70-215B-4017-A42B-0AF65219AC90}.Release|Any CPU.Build.0 = Release|Any CPU
	EndGlobalSection
	GlobalSection(SolutionProperties) = preSolution
		HideSolutionNode = FALSE
	EndGlobalSection
	GlobalSection(NestedProjects) = preSolution
		{373F0CD6-5863-4330-B3A4-F9A936765608} = {9BAB46E2-A23E-426F-9BB0-1405EDC870C0}
		{9BAB46E2-A23E-426F-9BB0-1405EDC870C0} = {859CF4C3-675B-4435-B2A8-C87F69EF9665}
		{9F1F2C73-AF01-4DF2-AFBF-43D4E5CC3D44} = {859CF4C3-675B-4435-B2A8-C87F69EF9665}
		{BEE8E821-1280-4CAB-B0C2-B0BB5F904620} = {859CF4C3-675B-4435-B2A8-C87F69EF9665}
		{E8932F7F-86E1-4A11-89E5-92F8E3BF680A} = {BEE8E821-1280-4CAB-B0C2-B0BB5F904620}
		{64C5A3DC-507C-40A7-9A58-992C40A2E013} = {859CF4C3-675B-4435-B2A8-C87F69EF9665}
		{C62A8E47-AD01-4F9D-AEA4-F55C83960269} = {64C5A3DC-507C-40A7-9A58-992C40A2E013}
		{DA89548B-DABD-4E0E-8B6D-17AB342B5E81} = {859CF4C3-675B-4435-B2A8-C87F69EF9665}
		{854747CD-6201-40E0-ADAD-86744C235E43} = {DA89548B-DABD-4E0E-8B6D-17AB342B5E81}
		{4F1869B9-94E1-4F9A-8B51-12AC33A57959} = {859CF4C3-675B-4435-B2A8-C87F69EF9665}
		{7BC31F47-75C7-4E97-904F-BC91A8687AD3} = {4F1869B9-94E1-4F9A-8B51-12AC33A57959}
		{3AF678FB-E9E0-48ED-AA2F-C67A91CA0A41} = {859CF4C3-675B-4435-B2A8-C87F69EF9665}
		{1C58E99E-8D2A-4DC7-9A48-EB188310C928} = {3AF678FB-E9E0-48ED-AA2F-C67A91CA0A41}
		{A984123D-F497-4346-B219-D8356921D6DD} = {859CF4C3-675B-4435-B2A8-C87F69EF9665}
		{0B30BE83-22FC-4430-9C33-708741CC067F} = {A984123D-F497-4346-B219-D8356921D6DD}
		{420ED45C-DCFD-4102-B297-F7BE9205D4B1} = {859CF4C3-675B-4435-B2A8-C87F69EF9665}
		{7B03DFBB-0701-4858-AD4C-4BE5D7C8EDE6} = {420ED45C-DCFD-4102-B297-F7BE9205D4B1}
		{3108934A-6B65-4BB8-9904-04C60A7AF598} = {859CF4C3-675B-4435-B2A8-C87F69EF9665}
		{E552DE37-5DC2-4D4F-BD4F-CA5DFDFB8D37} = {3108934A-6B65-4BB8-9904-04C60A7AF598}
		{110C61D7-F750-4146-B4CA-2F056346BE26} = {859CF4C3-675B-4435-B2A8-C87F69EF9665}
		{86F81D17-787A-4C43-828D-375AAA00BAA9} = {110C61D7-F750-4146-B4CA-2F056346BE26}
		{074B0814-9F93-44F3-998D-EC980DFC6A9E} = {859CF4C3-675B-4435-B2A8-C87F69EF9665}
		{37245ADA-E6F5-40BA-B675-2F4EB1A3A051} = {074B0814-9F93-44F3-998D-EC980DFC6A9E}
		{D1CBBD2A-FE79-4787-ACF5-74AEAD542273} = {F905D70C-7B02-4ED2-8801-1EB5383DA0DA}
		{E0B002E1-2709-4D1D-9AD6-530F4145635E} = {D1CBBD2A-FE79-4787-ACF5-74AEAD542273}
		{8181E5F1-DEE1-4DEC-8071-078DBA89B2CC} = {F905D70C-7B02-4ED2-8801-1EB5383DA0DA}
		{17D2143B-2E06-4936-8A6F-B97A9AE4ECC2} = {8181E5F1-DEE1-4DEC-8071-078DBA89B2CC}
		{1F4899D3-F60B-4035-853A-E58F6B22E829} = {F905D70C-7B02-4ED2-8801-1EB5383DA0DA}
		{E1A38806-DA78-4C9A-B57F-C4F75A2A786C} = {1F4899D3-F60B-4035-853A-E58F6B22E829}
		{2872784C-B7BD-496A-AD23-3A3115A066AC} = {F905D70C-7B02-4ED2-8801-1EB5383DA0DA}
		{03CF0E98-FB36-4A60-8191-8FEF075CD579} = {2872784C-B7BD-496A-AD23-3A3115A066AC}
		{4C000609-5214-47E7-BCA7-E0975CE55878} = {97E30C9F-91BF-4095-9E58-663053C87D4D}
		{4A8FBE34-0A4B-43E5-A4F5-02129A49D8EF} = {4C000609-5214-47E7-BCA7-E0975CE55878}
		{31A67E53-6720-4133-9C96-CA21FD6215E8} = {97E30C9F-91BF-4095-9E58-663053C87D4D}
		{B95FA2AC-DB5A-40DC-AA12-4D64C84FB0FA} = {31A67E53-6720-4133-9C96-CA21FD6215E8}
		{F2BF9452-8D2A-406F-A842-5AD03FD7A60F} = {97E30C9F-91BF-4095-9E58-663053C87D4D}
		{200E3435-7468-4893-AE07-257CAD345E02} = {F2BF9452-8D2A-406F-A842-5AD03FD7A60F}
		{F28D8515-8F67-45C2-B9C0-C363F830D130} = {97E30C9F-91BF-4095-9E58-663053C87D4D}
		{CAA3BAC4-816E-4E44-98EB-5FD17BE85A9A} = {F28D8515-8F67-45C2-B9C0-C363F830D130}
		{6DEAF0F2-6B82-43F0-A9FF-DF16133908B2} = {97E30C9F-91BF-4095-9E58-663053C87D4D}
		{5487BE5D-D80D-402A-AC33-FE3A1334F07B} = {6DEAF0F2-6B82-43F0-A9FF-DF16133908B2}
		{72780F51-0081-4886-8B34-E40D6CA8BF8A} = {97E30C9F-91BF-4095-9E58-663053C87D4D}
		{232993B0-2126-42C6-B59A-DA2E9E48E2C9} = {72780F51-0081-4886-8B34-E40D6CA8BF8A}
		{392F7370-7AA6-4AF7-BB8F-8C1120B91D2E} = {B158F358-C91B-4DCA-BAD8-6D40A62327CA}
		{C80C05E3-34EE-40D3-A1C8-28FE0601D8F8} = {392F7370-7AA6-4AF7-BB8F-8C1120B91D2E}
		{28CFD9D1-44B9-43A0-AC06-905FBB2D1E36} = {B158F358-C91B-4DCA-BAD8-6D40A62327CA}
		{EF522EE8-1534-40C4-A817-96E3944EB66E} = {28CFD9D1-44B9-43A0-AC06-905FBB2D1E36}
		{F64BC4BB-5A20-4962-A4F7-6D750EBC9071} = {B158F358-C91B-4DCA-BAD8-6D40A62327CA}
		{BC569C97-A0C5-4553-9AEB-8C270651EF53} = {F64BC4BB-5A20-4962-A4F7-6D750EBC9071}
		{94101000-A094-4579-9E4A-AF8E417DE4B2} = {B158F358-C91B-4DCA-BAD8-6D40A62327CA}
		{B04BCE01-7E23-4A87-AAAA-74F0B44F13A3} = {94101000-A094-4579-9E4A-AF8E417DE4B2}
		{EB98598C-5581-4069-A416-5A48ADDB48AB} = {B158F358-C91B-4DCA-BAD8-6D40A62327CA}
		{2C56C762-6375-40C8-B17B-915DBDF4826C} = {EB98598C-5581-4069-A416-5A48ADDB48AB}
		{9BBD0C6A-E524-4073-B29F-E73DDCF572A6} = {B158F358-C91B-4DCA-BAD8-6D40A62327CA}
		{AC116CD3-F96F-48B8-A3AC-261241804721} = {9BBD0C6A-E524-4073-B29F-E73DDCF572A6}
		{6F4A92F6-4CBF-4A00-A8EA-FDFBDCA1B154} = {B158F358-C91B-4DCA-BAD8-6D40A62327CA}
		{47E914C7-32F3-45F9-B89B-8BD0D464FF47} = {97E30C9F-91BF-4095-9E58-663053C87D4D}
		{9F5FEF7F-2BA6-4F9D-806C-4CF6BF8C94D5} = {F905D70C-7B02-4ED2-8801-1EB5383DA0DA}
		{48D39D76-3E18-40F5-B352-9618907EAD63} = {14135C1E-4413-4DFA-B016-57A6F070DCF5}
		{256518A9-84DE-4C20-B961-FDAE37647346} = {14135C1E-4413-4DFA-B016-57A6F070DCF5}
		{0E6ADEFC-D626-4F91-B940-752BD88D3E54} = {256518A9-84DE-4C20-B961-FDAE37647346}
		{437F42DD-855B-4A74-823F-F9AD3583B33F} = {14135C1E-4413-4DFA-B016-57A6F070DCF5}
		{11F69005-4A1F-419F-AA13-B9CCF6637FF6} = {437F42DD-855B-4A74-823F-F9AD3583B33F}
		{90EE9DBB-5998-42A4-9931-D780274DE78D} = {14135C1E-4413-4DFA-B016-57A6F070DCF5}
		{28331224-A289-44A0-81CF-55A0251C2FEA} = {90EE9DBB-5998-42A4-9931-D780274DE78D}
		{44C2A4DD-DDC9-47AE-8A1C-E18EF2AC1410} = {14135C1E-4413-4DFA-B016-57A6F070DCF5}
		{FA6FD64C-685B-4759-A8F8-9BB4A03F3A18} = {44C2A4DD-DDC9-47AE-8A1C-E18EF2AC1410}
		{486341D1-7192-48A9-976E-1E7E647266CE} = {14135C1E-4413-4DFA-B016-57A6F070DCF5}
		{0127971B-7904-4F7B-8294-4E2DA9EAEF42} = {486341D1-7192-48A9-976E-1E7E647266CE}
		{029A8FE7-2456-4767-9651-82512499150C} = {14135C1E-4413-4DFA-B016-57A6F070DCF5}
		{A475A4AE-455B-4433-8B0D-CDA2A70348FD} = {029A8FE7-2456-4767-9651-82512499150C}
		{412729D3-F737-4C69-AF5D-8F4232F24E70} = {14135C1E-4413-4DFA-B016-57A6F070DCF5}
		{1C779C70-215B-4017-A42B-0AF65219AC90} = {412729D3-F737-4C69-AF5D-8F4232F24E70}
	EndGlobalSection
	GlobalSection(ExtensibilityGlobals) = postSolution
		SolutionGuid = {4B9469E1-CFE1-4C2D-9A3C-AAEB225D8479}
	EndGlobalSection
EndGlobal
